
Microsoft Visual Studio Solution File, Format Version 12.00
# Visual Studio 2013
VisualStudioVersion = 12.0.21005.1
MinimumVisualStudioVersion = 10.0.40219.1
Project("{FAE04EC0-301F-11D3-BF4B-00C04F79EFBC}") = "razor.plagiyathttc", "razor.plagiyathttc\razor.plagiyathttc.csproj", "{DBBC73B8-8C17-477A-9265-816FEC684324}"
EndProject
Global
	GlobalSection(SolutionConfigurationPlatforms) = preSolution
		Debug|Any CPU = Debug|Any CPU
		Release|Any CPU = Release|Any CPU
	EndGlobalSection
	GlobalSection(ProjectConfigurationPlatforms) = postSolution
		{DBBC73B8-8C17-477A-9265-816FEC684324}.Debug|Any CPU.ActiveCfg = Debug|Any CPU
		{DBBC73B8-8C17-477A-9265-816FEC684324}.Debug|Any CPU.Build.0 = Debug|Any CPU
		{DBBC73B8-8C17-477A-9265-816FEC684324}.Release|Any CPU.ActiveCfg = Release|Any CPU
		{DBBC73B8-8C17-477A-9265-816FEC684324}.Release|Any CPU.Build.0 = Release|Any CPU
	EndGlobalSection
	GlobalSection(SolutionProperties) = preSolution
		HideSolutionNode = FALSE
	EndGlobalSection
EndGlobal
